
Microsoft Visual Studio Solution File, Format Version 12.00
# Visual Studio Version 17
VisualStudioVersion = 17.14.36414.22 d17.14
MinimumVisualStudioVersion = 10.0.40219.1
Project("{8BC9CEB8-8B4A-11D0-8D11-00A0C91BC942}") = "morphemeSimpleBundle", "morphemeSimpleBundle_WIN32.vcxproj", "{A16C3047-7B5D-42CE-B4AA-190E025E16DC}"
EndProject
Global
	GlobalSection(SolutionConfigurationPlatforms) = preSolution
		Debug|x86 = Debug|x86
		Release|x86 = Release|x86
		Target BE32 Debug|x86 = Target BE32 Debug|x86
		Target BE32 Release|x86 = Target BE32 Release|x86
		Target LE32 Debug|x86 = Target LE32 Debug|x86
		Target LE32 Release|x86 = Target LE32 Release|x86
	EndGlobalSection
	GlobalSection(ProjectConfigurationPlatforms) = postSolution
		{A16C3047-7B5D-42CE-B4AA-190E025E16DC}.Debug|x86.ActiveCfg = Debug|Win32
		{A16C3047-7B5D-42CE-B4AA-190E025E16DC}.Debug|x86.Build.0 = Debug|Win32
		{A16C3047-7B5D-42CE-B4AA-190E025E16DC}.Release|x86.ActiveCfg = Release|Win32
		{A16C3047-7B5D-42CE-B4AA-190E025E16DC}.Release|x86.Build.0 = Release|Win32
		{A16C3047-7B5D-42CE-B4AA-190E025E16DC}.Target BE32 Debug|x86.ActiveCfg = Target BE32 Debug|Win32
		{A16C3047-7B5D-42CE-B4AA-190E025E16DC}.Target BE32 Debug|x86.Build.0 = Target BE32 Debug|Win32
		{A16C3047-7B5D-42CE-B4AA-190E025E16DC}.Target BE32 Release|x86.ActiveCfg = Target BE32 Release|Win32
		{A16C3047-7B5D-42CE-B4AA-190E025E16DC}.Target BE32 Release|x86.Build.0 = Target BE32 Release|Win32
		{A16C3047-7B5D-42CE-B4AA-190E025E16DC}.Target LE32 Debug|x86.ActiveCfg = Target LE32 Debug|Win32
		{A16C3047-7B5D-42CE-B4AA-190E025E16DC}.Target LE32 Debug|x86.Build.0 = Target LE32 Debug|Win32
		{A16C3047-7B5D-42CE-B4AA-190E025E16DC}.Target LE32 Release|x86.ActiveCfg = Target LE32 Release|Win32
		{A16C3047-7B5D-42CE-B4AA-190E025E16DC}.Target LE32 Release|x86.Build.0 = Target LE32 Release|Win32
	EndGlobalSection
	GlobalSection(SolutionProperties) = preSolution
		HideSolutionNode = FALSE
	EndGlobalSection
	GlobalSection(ExtensibilityGlobals) = postSolution
		SolutionGuid = {ACC95A7B-91DB-479C-8ABD-97A48EFD0E04}
	EndGlobalSection
EndGlobal
